
Microsoft Visual Studio Solution File, Format Version 12.00
# Visual Studio 15
VisualStudioVersion = 15.0.27703.2042
MinimumVisualStudioVersion = 10.0.40219.1
Project("{FAE04EC0-301F-11D3-BF4B-00C04F79EFBC}") = "AboutMeAppSimple.Android", "AboutMeAppSimple\AboutMeAppSimple.Android\AboutMeAppSimple.Android.csproj", "{A32F0941-B4A4-44DB-B49B-32B2905EEC47}"
EndProject
Project("{FAE04EC0-301F-11D3-BF4B-00C04F79EFBC}") = "AboutMeAppSimple.iOS", "AboutMeAppSimple\AboutMeAppSimple.iOS\AboutMeAppSimple.iOS.csproj", "{3233EAB7-F1D2-47B4-8796-C74C081B6F2B}"
EndProject
Project("{FAE04EC0-301F-11D3-BF4B-00C04F79EFBC}") = "AboutMeAppSimple.UWP", "AboutMeAppSimple\AboutMeAppSimple.UWP\AboutMeAppSimple.UWP.csproj", "{AA3B935B-D156-460A-9E5D-C25F879D8F41}"
EndProject
Project("{FAE04EC0-301F-11D3-BF4B-00C04F79EFBC}") = "AboutMeAppSimple", "AboutMeAppSimple\AboutMeAppSimple\AboutMeAppSimple.csproj", "{F1747CD5-B19F-4BB3-AE1B-472B04FE4653}"
EndProject
Global
	GlobalSection(SolutionConfigurationPlatforms) = preSolution
		Ad-Hoc|Any CPU = Ad-Hoc|Any CPU
		Ad-Hoc|ARM = Ad-Hoc|ARM
		Ad-Hoc|iPhone = Ad-Hoc|iPhone
		Ad-Hoc|iPhoneSimulator = Ad-Hoc|iPhoneSimulator
		Ad-Hoc|x64 = Ad-Hoc|x64
		Ad-Hoc|x86 = Ad-Hoc|x86
		AppStore|Any CPU = AppStore|Any CPU
		AppStore|ARM = AppStore|ARM
		AppStore|iPhone = AppStore|iPhone
		AppStore|iPhoneSimulator = AppStore|iPhoneSimulator
		AppStore|x64 = AppStore|x64
		AppStore|x86 = AppStore|x86
		Debug|Any CPU = Debug|Any CPU
		Debug|ARM = Debug|ARM
		Debug|iPhone = Debug|iPhone
		Debug|iPhoneSimulator = Debug|iPhoneSimulator
		Debug|x64 = Debug|x64
		Debug|x86 = Debug|x86
		Release|Any CPU = Release|Any CPU
		Release|ARM = Release|ARM
		Release|iPhone = Release|iPhone
		Release|iPhoneSimulator = Release|iPhoneSimulator
		Release|x64 = Release|x64
		Release|x86 = Release|x86
	EndGlobalSection
	GlobalSection(ProjectConfigurationPlatforms) = postSolution
		{A32F0941-B4A4-44DB-B49B-32B2905EEC47}.Ad-Hoc|Any CPU.ActiveCfg = Release|Any CPU
		{A32F0941-B4A4-44DB-B49B-32B2905EEC47}.Ad-Hoc|Any CPU.Build.0 = Release|Any CPU
		{A32F0941-B4A4-44DB-B49B-32B2905EEC47}.Ad-Hoc|Any CPU.Deploy.0 = Release|Any CPU
		{A32F0941-B4A4-44DB-B49B-32B2905EEC47}.Ad-Hoc|ARM.ActiveCfg = Release|Any CPU
		{A32F0941-B4A4-44DB-B49B-32B2905EEC47}.Ad-Hoc|ARM.Build.0 = Release|Any CPU
		{A32F0941-B4A4-44DB-B49B-32B2905EEC47}.Ad-Hoc|ARM.Deploy.0 = Release|Any CPU
		{A32F0941-B4A4-44DB-B49B-32B2905EEC47}.Ad-Hoc|iPhone.ActiveCfg = Release|Any CPU
		{A32F0941-B4A4-44DB-B49B-32B2905EEC47}.Ad-Hoc|iPhone.Build.0 = Release|Any CPU
		{A32F0941-B4A4-44DB-B49B-32B2905EEC47}.Ad-Hoc|iPhone.Deploy.0 = Release|Any CPU
		{A32F0941-B4A4-44DB-B49B-32B2905EEC47}.Ad-Hoc|iPhoneSimulator.ActiveCfg = Release|Any CPU
		{A32F0941-B4A4-44DB-B49B-32B2905EEC47}.Ad-Hoc|iPhoneSimulator.Build.0 = Release|Any CPU
		{A32F0941-B4A4-44DB-B49B-32B2905EEC47}.Ad-Hoc|iPhoneSimulator.Deploy.0 = Release|Any CPU
		{A32F0941-B4A4-44DB-B49B-32B2905EEC47}.Ad-Hoc|x64.ActiveCfg = Release|Any CPU
		{A32F0941-B4A4-44DB-B49B-32B2905EEC47}.Ad-Hoc|x64.Build.0 = Release|Any CPU
		{A32F0941-B4A4-44DB-B49B-32B2905EEC47}.Ad-Hoc|x64.Deploy.0 = Release|Any CPU
		{A32F0941-B4A4-44DB-B49B-32B2905EEC47}.Ad-Hoc|x86.ActiveCfg = Release|Any CPU
		{A32F0941-B4A4-44DB-B49B-32B2905EEC47}.Ad-Hoc|x86.Build.0 = Release|Any CPU
		{A32F0941-B4A4-44DB-B49B-32B2905EEC47}.Ad-Hoc|x86.Deploy.0 = Release|Any CPU
		{A32F0941-B4A4-44DB-B49B-32B2905EEC47}.AppStore|Any CPU.ActiveCfg = Release|Any CPU
		{A32F0941-B4A4-44DB-B49B-32B2905EEC47}.AppStore|Any CPU.Build.0 = Release|Any CPU
		{A32F0941-B4A4-44DB-B49B-32B2905EEC47}.AppStore|Any CPU.Deploy.0 = Release|Any CPU
		{A32F0941-B4A4-44DB-B49B-32B2905EEC47}.AppStore|ARM.ActiveCfg = Release|Any CPU
		{A32F0941-B4A4-44DB-B49B-32B2905EEC47}.AppStore|ARM.Build.0 = Release|Any CPU
		{A32F0941-B4A4-44DB-B49B-32B2905EEC47}.AppStore|ARM.Deploy.0 = Release|Any CPU
		{A32F0941-B4A4-44DB-B49B-32B2905EEC47}.AppStore|iPhone.ActiveCfg = Release|Any CPU
		{A32F0941-B4A4-44DB-B49B-32B2905EEC47}.AppStore|iPhone.Build.0 = Release|Any CPU
		{A32F0941-B4A4-44DB-B49B-32B2905EEC47}.AppStore|iPhone.Deploy.0 = Release|Any CPU
		{A32F0941-B4A4-44DB-B49B-32B2905EEC47}.AppStore|iPhoneSimulator.ActiveCfg = Release|Any CPU
		{A32F0941-B4A4-44DB-B49B-32B2905EEC47}.AppStore|iPhoneSimulator.Build.0 = Release|Any CPU
		{A32F0941-B4A4-44DB-B49B-32B2905EEC47}.AppStore|iPhoneSimulator.Deploy.0 = Release|Any CPU
		{A32F0941-B4A4-44DB-B49B-32B2905EEC47}.AppStore|x64.ActiveCfg = Release|Any CPU
		{A32F0941-B4A4-44DB-B49B-32B2905EEC47}.AppStore|x64.Build.0 = Release|Any CPU
		{A32F0941-B4A4-44DB-B49B-32B2905EEC47}.AppStore|x64.Deploy.0 = Release|Any CPU
		{A32F0941-B4A4-44DB-B49B-32B2905EEC47}.AppStore|x86.ActiveCfg = Release|Any CPU
		{A32F0941-B4A4-44DB-B49B-32B2905EEC47}.AppStore|x86.Build.0 = Release|Any CPU
		{A32F0941-B4A4-44DB-B49B-32B2905EEC47}.AppStore|x86.Deploy.0 = Release|Any CPU
		{A32F0941-B4A4-44DB-B49B-32B2905EEC47}.Debug|Any CPU.ActiveCfg = Debug|Any CPU
		{A32F0941-B4A4-44DB-B49B-32B2905EEC47}.Debug|Any CPU.Build.0 = Debug|Any CPU
		{A32F0941-B4A4-44DB-B49B-32B2905EEC47}.Debug|Any CPU.Deploy.0 = Debug|Any CPU
		{A32F0941-B4A4-44DB-B49B-32B2905EEC47}.Debug|ARM.ActiveCfg = Debug|Any CPU
		{A32F0941-B4A4-44DB-B49B-32B2905EEC47}.Debug|ARM.Build.0 = Debug|Any CPU
		{A32F0941-B4A4-44DB-B49B-32B2905EEC47}.Debug|ARM.Deploy.0 = Debug|Any CPU
		{A32F0941-B4A4-44DB-B49B-32B2905EEC47}.Debug|iPhone.ActiveCfg = Debug|Any CPU
		{A32F0941-B4A4-44DB-B49B-32B2905EEC47}.Debug|iPhone.Build.0 = Debug|Any CPU
		{A32F0941-B4A4-44DB-B49B-32B2905EEC47}.Debug|iPhone.Deploy.0 = Debug|Any CPU
		{A32F0941-B4A4-44DB-B49B-32B2905EEC47}.Debug|iPhoneSimulator.ActiveCfg = Debug|Any CPU
		{A32F0941-B4A4-44DB-B49B-32B2905EEC47}.Debug|iPhoneSimulator.Build.0 = Debug|Any CPU
		{A32F0941-B4A4-44DB-B49B-32B2905EEC47}.Debug|iPhoneSimulator.Deploy.0 = Debug|Any CPU
		{A32F0941-B4A4-44DB-B49B-32B2905EEC47}.Debug|x64.ActiveCfg = Debug|Any CPU
		{A32F0941-B4A4-44DB-B49B-32B2905EEC47}.Debug|x64.Build.0 = Debug|Any CPU
		{A32F0941-B4A4-44DB-B49B-32B2905EEC47}.Debug|x64.Deploy.0 = Debug|Any CPU
		{A32F0941-B4A4-44DB-B49B-32B2905EEC47}.Debug|x86.ActiveCfg = Debug|Any CPU
		{A32F0941-B4A4-44DB-B49B-32B2905EEC47}.Debug|x86.Build.0 = Debug|Any CPU
		{A32F0941-B4A4-44DB-B49B-32B2905EEC47}.Debug|x86.Deploy.0 = Debug|Any CPU
		{A32F0941-B4A4-44DB-B49B-32B2905EEC47}.Release|Any CPU.ActiveCfg = Release|Any CPU
		{A32F0941-B4A4-44DB-B49B-32B2905EEC47}.Release|Any CPU.Build.0 = Release|Any CPU
		{A32F0941-B4A4-44DB-B49B-32B2905EEC47}.Release|Any CPU.Deploy.0 = Release|Any CPU
		{A32F0941-B4A4-44DB-B49B-32B2905EEC47}.Release|ARM.ActiveCfg = Release|Any CPU
		{A32F0941-B4A4-44DB-B49B-32B2905EEC47}.Release|ARM.Build.0 = Release|Any CPU
		{A32F0941-B4A4-44DB-B49B-32B2905EEC47}.Release|ARM.Deploy.0 = Release|Any CPU
		{A32F0941-B4A4-44DB-B49B-32B2905EEC47}.Release|iPhone.ActiveCfg = Release|Any CPU
		{A32F0941-B4A4-44DB-B49B-32B2905EEC47}.Release|iPhone.Build.0 = Release|Any CPU
		{A32F0941-B4A4-44DB-B49B-32B2905EEC47}.Release|iPhone.Deploy.0 = Release|Any CPU
		{A32F0941-B4A4-44DB-B49B-32B2905EEC47}.Release|iPhoneSimulator.ActiveCfg = Release|Any CPU
		{A32F0941-B4A4-44DB-B49B-32B2905EEC47}.Release|iPhoneSimulator.Build.0 = Release|Any CPU
		{A32F0941-B4A4-44DB-B49B-32B2905EEC47}.Release|iPhoneSimulator.Deploy.0 = Release|Any CPU
		{A32F0941-B4A4-44DB-B49B-32B2905EEC47}.Release|x64.ActiveCfg = Release|Any CPU
		{A32F0941-B4A4-44DB-B49B-32B2905EEC47}.Release|x64.Build.0 = Release|Any CPU
		{A32F0941-B4A4-44DB-B49B-32B2905EEC47}.Release|x64.Deploy.0 = Release|Any CPU
		{A32F0941-B4A4-44DB-B49B-32B2905EEC47}.Release|x86.ActiveCfg = Release|Any CPU
		{A32F0941-B4A4-44DB-B49B-32B2905EEC47}.Release|x86.Build.0 = Release|Any CPU
		{A32F0941-B4A4-44DB-B49B-32B2905EEC47}.Release|x86.Deploy.0 = Release|Any CPU
		{3233EAB7-F1D2-47B4-8796-C74C081B6F2B}.Ad-Hoc|Any CPU.ActiveCfg = Ad-Hoc|iPhone
		{3233EAB7-F1D2-47B4-8796-C74C081B6F2B}.Ad-Hoc|Any CPU.Build.0 = Ad-Hoc|iPhone
		{3233EAB7-F1D2-47B4-8796-C74C081B6F2B}.Ad-Hoc|Any CPU.Deploy.0 = Ad-Hoc|iPhone
		{3233EAB7-F1D2-47B4-8796-C74C081B6F2B}.Ad-Hoc|ARM.ActiveCfg = Ad-Hoc|iPhone
		{3233EAB7-F1D2-47B4-8796-C74C081B6F2B}.Ad-Hoc|ARM.Build.0 = Ad-Hoc|iPhone
		{3233EAB7-F1D2-47B4-8796-C74C081B6F2B}.Ad-Hoc|ARM.Deploy.0 = Ad-Hoc|iPhone
		{3233EAB7-F1D2-47B4-8796-C74C081B6F2B}.Ad-Hoc|iPhone.ActiveCfg = Ad-Hoc|iPhone
		{3233EAB7-F1D2-47B4-8796-C74C081B6F2B}.Ad-Hoc|iPhone.Build.0 = Ad-Hoc|iPhone
		{3233EAB7-F1D2-47B4-8796-C74C081B6F2B}.Ad-Hoc|iPhone.Deploy.0 = Ad-Hoc|iPhone
		{3233EAB7-F1D2-47B4-8796-C74C081B6F2B}.Ad-Hoc|iPhoneSimulator.ActiveCfg = Ad-Hoc|iPhoneSimulator
		{3233EAB7-F1D2-47B4-8796-C74C081B6F2B}.Ad-Hoc|iPhoneSimulator.Build.0 = Ad-Hoc|iPhoneSimulator
		{3233EAB7-F1D2-47B4-8796-C74C081B6F2B}.Ad-Hoc|iPhoneSimulator.Deploy.0 = Ad-Hoc|iPhoneSimulator
		{3233EAB7-F1D2-47B4-8796-C74C081B6F2B}.Ad-Hoc|x64.ActiveCfg = Ad-Hoc|iPhone
		{3233EAB7-F1D2-47B4-8796-C74C081B6F2B}.Ad-Hoc|x64.Build.0 = Ad-Hoc|iPhone
		{3233EAB7-F1D2-47B4-8796-C74C081B6F2B}.Ad-Hoc|x64.Deploy.0 = Ad-Hoc|iPhone
		{3233EAB7-F1D2-47B4-8796-C74C081B6F2B}.Ad-Hoc|x86.ActiveCfg = Ad-Hoc|iPhone
		{3233EAB7-F1D2-47B4-8796-C74C081B6F2B}.Ad-Hoc|x86.Build.0 = Ad-Hoc|iPhone
		{3233EAB7-F1D2-47B4-8796-C74C081B6F2B}.Ad-Hoc|x86.Deploy.0 = Ad-Hoc|iPhone
		{3233EAB7-F1D2-47B4-8796-C74C081B6F2B}.AppStore|Any CPU.ActiveCfg = AppStore|iPhone
		{3233EAB7-F1D2-47B4-8796-C74C081B6F2B}.AppStore|Any CPU.Build.0 = AppStore|iPhone
		{3233EAB7-F1D2-47B4-8796-C74C081B6F2B}.AppStore|Any CPU.Deploy.0 = AppStore|iPhone
		{3233EAB7-F1D2-47B4-8796-C74C081B6F2B}.AppStore|ARM.ActiveCfg = AppStore|iPhone
		{3233EAB7-F1D2-47B4-8796-C74C081B6F2B}.AppStore|ARM.Build.0 = AppStore|iPhone
		{3233EAB7-F1D2-47B4-8796-C74C081B6F2B}.AppStore|ARM.Deploy.0 = AppStore|iPhone
		{3233EAB7-F1D2-47B4-8796-C74C081B6F2B}.AppStore|iPhone.ActiveCfg = AppStore|iPhone
		{3233EAB7-F1D2-47B4-8796-C74C081B6F2B}.AppStore|iPhone.Build.0 = AppStore|iPhone
		{3233EAB7-F1D2-47B4-8796-C74C081B6F2B}.AppStore|iPhone.Deploy.0 = AppStore|iPhone
		{3233EAB7-F1D2-47B4-8796-C74C081B6F2B}.AppStore|iPhoneSimulator.ActiveCfg = AppStore|iPhoneSimulator
		{3233EAB7-F1D2-47B4-8796-C74C081B6F2B}.AppStore|iPhoneSimulator.Build.0 = AppStore|iPhoneSimulator
		{3233EAB7-F1D2-47B4-8796-C74C081B6F2B}.AppStore|iPhoneSimulator.Deploy.0 = AppStore|iPhoneSimulator
		{3233EAB7-F1D2-47B4-8796-C74C081B6F2B}.AppStore|x64.ActiveCfg = AppStore|iPhone
		{3233EAB7-F1D2-47B4-8796-C74C081B6F2B}.AppStore|x64.Build.0 = AppStore|iPhone
		{3233EAB7-F1D2-47B4-8796-C74C081B6F2B}.AppStore|x64.Deploy.0 = AppStore|iPhone
		{3233EAB7-F1D2-47B4-8796-C74C081B6F2B}.AppStore|x86.ActiveCfg = AppStore|iPhone
		{3233EAB7-F1D2-47B4-8796-C74C081B6F2B}.AppStore|x86.Build.0 = AppStore|iPhone
		{3233EAB7-F1D2-47B4-8796-C74C081B6F2B}.AppStore|x86.Deploy.0 = AppStore|iPhone
		{3233EAB7-F1D2-47B4-8796-C74C081B6F2B}.Debug|Any CPU.ActiveCfg = Debug|iPhoneSimulator
		{3233EAB7-F1D2-47B4-8796-C74C081B6F2B}.Debug|Any CPU.Build.0 = Debug|iPhoneSimulator
		{3233EAB7-F1D2-47B4-8796-C74C081B6F2B}.Debug|Any CPU.Deploy.0 = Debug|iPhoneSimulator
		{3233EAB7-F1D2-47B4-8796-C74C081B6F2B}.Debug|ARM.ActiveCfg = Debug|iPhone
		{3233EAB7-F1D2-47B4-8796-C74C081B6F2B}.Debug|ARM.Build.0 = Debug|iPhone
		{3233EAB7-F1D2-47B4-8796-C74C081B6F2B}.Debug|ARM.Deploy.0 = Debug|iPhone
		{3233EAB7-F1D2-47B4-8796-C74C081B6F2B}.Debug|iPhone.ActiveCfg = Debug|iPhone
		{3233EAB7-F1D2-47B4-8796-C74C081B6F2B}.Debug|iPhone.Build.0 = Debug|iPhone
		{3233EAB7-F1D2-47B4-8796-C74C081B6F2B}.Debug|iPhone.Deploy.0 = Debug|iPhone
		{3233EAB7-F1D2-47B4-8796-C74C081B6F2B}.Debug|iPhoneSimulator.ActiveCfg = Debug|iPhoneSimulator
		{3233EAB7-F1D2-47B4-8796-C74C081B6F2B}.Debug|iPhoneSimulator.Build.0 = Debug|iPhoneSimulator
		{3233EAB7-F1D2-47B4-8796-C74C081B6F2B}.Debug|iPhoneSimulator.Deploy.0 = Debug|iPhoneSimulator
		{3233EAB7-F1D2-47B4-8796-C74C081B6F2B}.Debug|x64.ActiveCfg = Debug|iPhone
		{3233EAB7-F1D2-47B4-8796-C74C081B6F2B}.Debug|x64.Build.0 = Debug|iPhone
		{3233EAB7-F1D2-47B4-8796-C74C081B6F2B}.Debug|x64.Deploy.0 = Debug|iPhone
		{3233EAB7-F1D2-47B4-8796-C74C081B6F2B}.Debug|x86.ActiveCfg = Debug|iPhone
		{3233EAB7-F1D2-47B4-8796-C74C081B6F2B}.Debug|x86.Build.0 = Debug|iPhone
		{3233EAB7-F1D2-47B4-8796-C74C081B6F2B}.Debug|x86.Deploy.0 = Debug|iPhone
		{3233EAB7-F1D2-47B4-8796-C74C081B6F2B}.Release|Any CPU.ActiveCfg = Release|iPhone
		{3233EAB7-F1D2-47B4-8796-C74C081B6F2B}.Release|Any CPU.Build.0 = Release|iPhone
		{3233EAB7-F1D2-47B4-8796-C74C081B6F2B}.Release|Any CPU.Deploy.0 = Release|iPhone
		{3233EAB7-F1D2-47B4-8796-C74C081B6F2B}.Release|ARM.ActiveCfg = Release|iPhone
		{3233EAB7-F1D2-47B4-8796-C74C081B6F2B}.Release|ARM.Build.0 = Release|iPhone
		{3233EAB7-F1D2-47B4-8796-C74C081B6F2B}.Release|ARM.Deploy.0 = Release|iPhone
		{3233EAB7-F1D2-47B4-8796-C74C081B6F2B}.Release|iPhone.ActiveCfg = Release|iPhone
		{3233EAB7-F1D2-47B4-8796-C74C081B6F2B}.Release|iPhone.Build.0 = Release|iPhone
		{3233EAB7-F1D2-47B4-8796-C74C081B6F2B}.Release|iPhone.Deploy.0 = Release|iPhone
		{3233EAB7-F1D2-47B4-8796-C74C081B6F2B}.Release|iPhoneSimulator.ActiveCfg = Release|iPhoneSimulator
		{3233EAB7-F1D2-47B4-8796-C74C081B6F2B}.Release|iPhoneSimulator.Build.0 = Release|iPhoneSimulator
		{3233EAB7-F1D2-47B4-8796-C74C081B6F2B}.Release|iPhoneSimulator.Deploy.0 = Release|iPhoneSimulator
		{3233EAB7-F1D2-47B4-8796-C74C081B6F2B}.Release|x64.ActiveCfg = Release|iPhone
		{3233EAB7-F1D2-47B4-8796-C74C081B6F2B}.Release|x64.Build.0 = Release|iPhone
		{3233EAB7-F1D2-47B4-8796-C74C081B6F2B}.Release|x64.Deploy.0 = Release|iPhone
		{3233EAB7-F1D2-47B4-8796-C74C081B6F2B}.Release|x86.ActiveCfg = Release|iPhone
		{3233EAB7-F1D2-47B4-8796-C74C081B6F2B}.Release|x86.Build.0 = Release|iPhone
		{3233EAB7-F1D2-47B4-8796-C74C081B6F2B}.Release|x86.Deploy.0 = Release|iPhone
		{AA3B935B-D156-460A-9E5D-C25F879D8F41}.Ad-Hoc|Any CPU.ActiveCfg = Release|x86
		{AA3B935B-D156-460A-9E5D-C25F879D8F41}.Ad-Hoc|Any CPU.Build.0 = Release|x86
		{AA3B935B-D156-460A-9E5D-C25F879D8F41}.Ad-Hoc|Any CPU.Deploy.0 = Release|x86
		{AA3B935B-D156-460A-9E5D-C25F879D8F41}.Ad-Hoc|ARM.ActiveCfg = Release|ARM
		{AA3B935B-D156-460A-9E5D-C25F879D8F41}.Ad-Hoc|ARM.Build.0 = Release|ARM
		{AA3B935B-D156-460A-9E5D-C25F879D8F41}.Ad-Hoc|ARM.Deploy.0 = Release|ARM
		{AA3B935B-D156-460A-9E5D-C25F879D8F41}.Ad-Hoc|iPhone.ActiveCfg = Release|x86
		{AA3B935B-D156-460A-9E5D-C25F879D8F41}.Ad-Hoc|iPhone.Build.0 = Release|x86
		{AA3B935B-D156-460A-9E5D-C25F879D8F41}.Ad-Hoc|iPhone.Deploy.0 = Release|x86
		{AA3B935B-D156-460A-9E5D-C25F879D8F41}.Ad-Hoc|iPhoneSimulator.ActiveCfg = Release|x86
		{AA3B935B-D156-460A-9E5D-C25F879D8F41}.Ad-Hoc|iPhoneSimulator.Build.0 = Release|x86
		{AA3B935B-D156-460A-9E5D-C25F879D8F41}.Ad-Hoc|iPhoneSimulator.Deploy.0 = Release|x86
		{AA3B935B-D156-460A-9E5D-C25F879D8F41}.Ad-Hoc|x64.ActiveCfg = Release|x64
		{AA3B935B-D156-460A-9E5D-C25F879D8F41}.Ad-Hoc|x64.Build.0 = Release|x64
		{AA3B935B-D156-460A-9E5D-C25F879D8F41}.Ad-Hoc|x64.Deploy.0 = Release|x64
		{AA3B935B-D156-460A-9E5D-C25F879D8F41}.Ad-Hoc|x86.ActiveCfg = Release|x86
		{AA3B935B-D156-460A-9E5D-C25F879D8F41}.Ad-Hoc|x86.Build.0 = Release|x86
		{AA3B935B-D156-460A-9E5D-C25F879D8F41}.Ad-Hoc|x86.Deploy.0 = Release|x86
		{AA3B935B-D156-460A-9E5D-C25F879D8F41}.AppStore|Any CPU.ActiveCfg = Release|x86
		{AA3B935B-D156-460A-9E5D-C25F879D8F41}.AppStore|Any CPU.Build.0 = Release|x86
		{AA3B935B-D156-460A-9E5D-C25F879D8F41}.AppStore|Any CPU.Deploy.0 = Release|x86
		{AA3B935B-D156-460A-9E5D-C25F879D8F41}.AppStore|ARM.ActiveCfg = Release|ARM
		{AA3B935B-D156-460A-9E5D-C25F879D8F41}.AppStore|ARM.Build.0 = Release|ARM
		{AA3B935B-D156-460A-9E5D-C25F879D8F41}.AppStore|ARM.Deploy.0 = Release|ARM
		{AA3B935B-D156-460A-9E5D-C25F879D8F41}.AppStore|iPhone.ActiveCfg = Release|x86
		{AA3B935B-D156-460A-9E5D-C25F879D8F41}.AppStore|iPhone.Build.0 = Release|x86
		{AA3B935B-D156-460A-9E5D-C25F879D8F41}.AppStore|iPhone.Deploy.0 = Release|x86
		{AA3B935B-D156-460A-9E5D-C25F879D8F41}.AppStore|iPhoneSimulator.ActiveCfg = Release|x86
		{AA3B935B-D156-460A-9E5D-C25F879D8F41}.AppStore|iPhoneSimulator.Build.0 = Release|x86
		{AA3B935B-D156-460A-9E5D-C25F879D8F41}.AppStore|iPhoneSimulator.Deploy.0 = Release|x86
		{AA3B935B-D156-460A-9E5D-C25F879D8F41}.AppStore|x64.ActiveCfg = Release|x64
		{AA3B935B-D156-460A-9E5D-C25F879D8F41}.AppStore|x64.Build.0 = Release|x64
		{AA3B935B-D156-460A-9E5D-C25F879D8F41}.AppStore|x64.Deploy.0 = Release|x64
		{AA3B935B-D156-460A-9E5D-C25F879D8F41}.AppStore|x86.ActiveCfg = Release|x86
		{AA3B935B-D156-460A-9E5D-C25F879D8F41}.AppStore|x86.Build.0 = Release|x86
		{AA3B935B-D156-460A-9E5D-C25F879D8F41}.AppStore|x86.Deploy.0 = Release|x86
		{AA3B935B-D156-460A-9E5D-C25F879D8F41}.Debug|Any CPU.ActiveCfg = Debug|x86
		{AA3B935B-D156-460A-9E5D-C25F879D8F41}.Debug|Any CPU.Build.0 = Debug|x86
		{AA3B935B-D156-460A-9E5D-C25F879D8F41}.Debug|Any CPU.Deploy.0 = Debug|x86
		{AA3B935B-D156-460A-9E5D-C25F879D8F41}.Debug|ARM.ActiveCfg = Debug|ARM
		{AA3B935B-D156-460A-9E5D-C25F879D8F41}.Debug|ARM.Build.0 = Debug|ARM
		{AA3B935B-D156-460A-9E5D-C25F879D8F41}.Debug|ARM.Deploy.0 = Debug|ARM
		{AA3B935B-D156-460A-9E5D-C25F879D8F41}.Debug|iPhone.ActiveCfg = Debug|x86
		{AA3B935B-D156-460A-9E5D-C25F879D8F41}.Debug|iPhone.Build.0 = Debug|x86
		{AA3B935B-D156-460A-9E5D-C25F879D8F41}.Debug|iPhone.Deploy.0 = Debug|x86
		{AA3B935B-D156-460A-9E5D-C25F879D8F41}.Debug|iPhoneSimulator.ActiveCfg = Debug|x86
		{AA3B935B-D156-460A-9E5D-C25F879D8F41}.Debug|iPhoneSimulator.Build.0 = Debug|x86
		{AA3B935B-D156-460A-9E5D-C25F879D8F41}.Debug|iPhoneSimulator.Deploy.0 = Debug|x86
		{AA3B935B-D156-460A-9E5D-C25F879D8F41}.Debug|x64.ActiveCfg = Debug|x64
		{AA3B935B-D156-460A-9E5D-C25F879D8F41}.Debug|x64.Build.0 = Debug|x64
		{AA3B935B-D156-460A-9E5D-C25F879D8F41}.Debug|x64.Deploy.0 = Debug|x64
		{AA3B935B-D156-460A-9E5D-C25F879D8F41}.Debug|x86.ActiveCfg = Debug|x86
		{AA3B935B-D156-460A-9E5D-C25F879D8F41}.Debug|x86.Build.0 = Debug|x86
		{AA3B935B-D156-460A-9E5D-C25F879D8F41}.Debug|x86.Deploy.0 = Debug|x86
		{AA3B935B-D156-460A-9E5D-C25F879D8F41}.Release|Any CPU.ActiveCfg = Release|x86
		{AA3B935B-D156-460A-9E5D-C25F879D8F41}.Release|Any CPU.Build.0 = Release|x86
		{AA3B935B-D156-460A-9E5D-C25F879D8F41}.Release|Any CPU.Deploy.0 = Release|x86
		{AA3B935B-D156-460A-9E5D-C25F879D8F41}.Release|ARM.ActiveCfg = Release|ARM
		{AA3B935B-D156-460A-9E5D-C25F879D8F41}.Release|ARM.Build.0 = Release|ARM
		{AA3B935B-D156-460A-9E5D-C25F879D8F41}.Release|ARM.Deploy.0 = Release|ARM
		{AA3B935B-D156-460A-9E5D-C25F879D8F41}.Release|iPhone.ActiveCfg = Release|x86
		{AA3B935B-D156-460A-9E5D-C25F879D8F41}.Release|iPhone.Build.0 = Release|x86
		{AA3B935B-D156-460A-9E5D-C25F879D8F41}.Release|iPhone.Deploy.0 = Release|x86
		{AA3B935B-D156-460A-9E5D-C25F879D8F41}.Release|iPhoneSimulator.ActiveCfg = Release|x86
		{AA3B935B-D156-460A-9E5D-C25F879D8F41}.Release|iPhoneSimulator.Build.0 = Release|x86
		{AA3B935B-D156-460A-9E5D-C25F879D8F41}.Release|iPhoneSimulator.Deploy.0 = Release|x86
		{AA3B935B-D156-460A-9E5D-C25F879D8F41}.Release|x64.ActiveCfg = Release|x64
		{AA3B935B-D156-460A-9E5D-C25F879D8F41}.Release|x64.Build.0 = Release|x64
		{AA3B935B-D156-460A-9E5D-C25F879D8F41}.Release|x64.Deploy.0 = Release|x64
		{AA3B935B-D156-460A-9E5D-C25F879D8F41}.Release|x86.ActiveCfg = Release|x86
		{AA3B935B-D156-460A-9E5D-C25F879D8F41}.Release|x86.Build.0 = Release|x86
		{AA3B935B-D156-460A-9E5D-C25F879D8F41}.Release|x86.Deploy.0 = Release|x86
		{F1747CD5-B19F-4BB3-AE1B-472B04FE4653}.Ad-Hoc|Any CPU.ActiveCfg = Debug|Any CPU
		{F1747CD5-B19F-4BB3-AE1B-472B04FE4653}.Ad-Hoc|Any CPU.Build.0 = Debug|Any CPU
		{F1747CD5-B19F-4BB3-AE1B-472B04FE4653}.Ad-Hoc|Any CPU.Deploy.0 = Debug|Any CPU
		{F1747CD5-B19F-4BB3-AE1B-472B04FE4653}.Ad-Hoc|ARM.ActiveCfg = Debug|Any CPU
		{F1747CD5-B19F-4BB3-AE1B-472B04FE4653}.Ad-Hoc|ARM.Build.0 = Debug|Any CPU
		{F1747CD5-B19F-4BB3-AE1B-472B04FE4653}.Ad-Hoc|ARM.Deploy.0 = Debug|Any CPU
		{F1747CD5-B19F-4BB3-AE1B-472B04FE4653}.Ad-Hoc|iPhone.ActiveCfg = Debug|Any CPU
		{F1747CD5-B19F-4BB3-AE1B-472B04FE4653}.Ad-Hoc|iPhone.Build.0 = Debug|Any CPU
		{F1747CD5-B19F-4BB3-AE1B-472B04FE4653}.Ad-Hoc|iPhone.Deploy.0 = Debug|Any CPU
		{F1747CD5-B19F-4BB3-AE1B-472B04FE4653}.Ad-Hoc|iPhoneSimulator.ActiveCfg = Debug|Any CPU
		{F1747CD5-B19F-4BB3-AE1B-472B04FE4653}.Ad-Hoc|iPhoneSimulator.Build.0 = Debug|Any CPU
		{F1747CD5-B19F-4BB3-AE1B-472B04FE4653}.Ad-Hoc|iPhoneSimulator.Deploy.0 = Debug|Any CPU
		{F1747CD5-B19F-4BB3-AE1B-472B04FE4653}.Ad-Hoc|x64.ActiveCfg = Debug|Any CPU
		{F1747CD5-B19F-4BB3-AE1B-472B04FE4653}.Ad-Hoc|x64.Build.0 = Debug|Any CPU
		{F1747CD5-B19F-4BB3-AE1B-472B04FE4653}.Ad-Hoc|x64.Deploy.0 = Debug|Any CPU
		{F1747CD5-B19F-4BB3-AE1B-472B04FE4653}.Ad-Hoc|x86.ActiveCfg = Debug|Any CPU
		{F1747CD5-B19F-4BB3-AE1B-472B04FE4653}.Ad-Hoc|x86.Build.0 = Debug|Any CPU
		{F1747CD5-B19F-4BB3-AE1B-472B04FE4653}.Ad-Hoc|x86.Deploy.0 = Debug|Any CPU
		{F1747CD5-B19F-4BB3-AE1B-472B04FE4653}.AppStore|Any CPU.ActiveCfg = Debug|Any CPU
		{F1747CD5-B19F-4BB3-AE1B-472B04FE4653}.AppStore|Any CPU.Build.0 = Debug|Any CPU
		{F1747CD5-B19F-4BB3-AE1B-472B04FE4653}.AppStore|Any CPU.Deploy.0 = Debug|Any CPU
		{F1747CD5-B19F-4BB3-AE1B-472B04FE4653}.AppStore|ARM.ActiveCfg = Debug|Any CPU
		{F1747CD5-B19F-4BB3-AE1B-472B04FE4653}.AppStore|ARM.Build.0 = Debug|Any CPU
		{F1747CD5-B19F-4BB3-AE1B-472B04FE4653}.AppStore|ARM.Deploy.0 = Debug|Any CPU
		{F1747CD5-B19F-4BB3-AE1B-472B04FE4653}.AppStore|iPhone.ActiveCfg = Debug|Any CPU
		{F1747CD5-B19F-4BB3-AE1B-472B04FE4653}.AppStore|iPhone.Build.0 = Debug|Any CPU
		{F1747CD5-B19F-4BB3-AE1B-472B04FE4653}.AppStore|iPhone.Deploy.0 = Debug|Any CPU
		{F1747CD5-B19F-4BB3-AE1B-472B04FE4653}.AppStore|iPhoneSimulator.ActiveCfg = Debug|Any CPU
		{F1747CD5-B19F-4BB3-AE1B-472B04FE4653}.AppStore|iPhoneSimulator.Build.0 = Debug|Any CPU
		{F1747CD5-B19F-4BB3-AE1B-472B04FE4653}.AppStore|iPhoneSimulator.Deploy.0 = Debug|Any CPU
		{F1747CD5-B19F-4BB3-AE1B-472B04FE4653}.AppStore|x64.ActiveCfg = Debug|Any CPU
		{F1747CD5-B19F-4BB3-AE1B-472B04FE4653}.AppStore|x64.Build.0 = Debug|Any CPU
		{F1747CD5-B19F-4BB3-AE1B-472B04FE4653}.AppStore|x64.Deploy.0 = Debug|Any CPU
		{F1747CD5-B19F-4BB3-AE1B-472B04FE4653}.AppStore|x86.ActiveCfg = Debug|Any CPU
		{F1747CD5-B19F-4BB3-AE1B-472B04FE4653}.AppStore|x86.Build.0 = Debug|Any CPU
		{F1747CD5-B19F-4BB3-AE1B-472B04FE4653}.AppStore|x86.Deploy.0 = Debug|Any CPU
		{F1747CD5-B19F-4BB3-AE1B-472B04FE4653}.Debug|Any CPU.ActiveCfg = Debug|Any CPU
		{F1747CD5-B19F-4BB3-AE1B-472B04FE4653}.Debug|Any CPU.Build.0 = Debug|Any CPU
		{F1747CD5-B19F-4BB3-AE1B-472B04FE4653}.Debug|Any CPU.Deploy.0 = Debug|Any CPU
		{F1747CD5-B19F-4BB3-AE1B-472B04FE4653}.Debug|ARM.ActiveCfg = Debug|Any CPU
		{F1747CD5-B19F-4BB3-AE1B-472B04FE4653}.Debug|ARM.Build.0 = Debug|Any CPU
		{F1747CD5-B19F-4BB3-AE1B-472B04FE4653}.Debug|ARM.Deploy.0 = Debug|Any CPU
		{F1747CD5-B19F-4BB3-AE1B-472B04FE4653}.Debug|iPhone.ActiveCfg = Debug|Any CPU
		{F1747CD5-B19F-4BB3-AE1B-472B04FE4653}.Debug|iPhone.Build.0 = Debug|Any CPU
		{F1747CD5-B19F-4BB3-AE1B-472B04FE4653}.Debug|iPhone.Deploy.0 = Debug|Any CPU
		{F1747CD5-B19F-4BB3-AE1B-472B04FE4653}.Debug|iPhoneSimulator.ActiveCfg = Debug|Any CPU
		{F1747CD5-B19F-4BB3-AE1B-472B04FE4653}.Debug|iPhoneSimulator.Build.0 = Debug|Any CPU
		{F1747CD5-B19F-4BB3-AE1B-472B04FE4653}.Debug|iPhoneSimulator.Deploy.0 = Debug|Any CPU
		{F1747CD5-B19F-4BB3-AE1B-472B04FE4653}.Debug|x64.ActiveCfg = Debug|Any CPU
		{F1747CD5-B19F-4BB3-AE1B-472B04FE4653}.Debug|x64.Build.0 = Debug|Any CPU
		{F1747CD5-B19F-4BB3-AE1B-472B04FE4653}.Debug|x64.Deploy.0 = Debug|Any CPU
		{F1747CD5-B19F-4BB3-AE1B-472B04FE4653}.Debug|x86.ActiveCfg = Debug|Any CPU
		{F1747CD5-B19F-4BB3-AE1B-472B04FE4653}.Debug|x86.Build.0 = Debug|Any CPU
		{F1747CD5-B19F-4BB3-AE1B-472B04FE4653}.Debug|x86.Deploy.0 = Debug|Any CPU
		{F1747CD5-B19F-4BB3-AE1B-472B04FE4653}.Release|Any CPU.ActiveCfg = Release|Any CPU
		{F1747CD5-B19F-4BB3-AE1B-472B04FE4653}.Release|Any CPU.Build.0 = Release|Any CPU
		{F1747CD5-B19F-4BB3-AE1B-472B04FE4653}.Release|Any CPU.Deploy.0 = Release|Any CPU
		{F1747CD5-B19F-4BB3-AE1B-472B04FE4653}.Release|ARM.ActiveCfg = Release|Any CPU
		{F1747CD5-B19F-4BB3-AE1B-472B04FE4653}.Release|ARM.Build.0 = Release|Any CPU
		{F1747CD5-B19F-4BB3-AE1B-472B04FE4653}.Release|ARM.Deploy.0 = Release|Any CPU
		{F1747CD5-B19F-4BB3-AE1B-472B04FE4653}.Release|iPhone.ActiveCfg = Release|Any CPU
		{F1747CD5-B19F-4BB3-AE1B-472B04FE4653}.Release|iPhone.Build.0 = Release|Any CPU
		{F1747CD5-B19F-4BB3-AE1B-472B04FE4653}.Release|iPhone.Deploy.0 = Release|Any CPU
		{F1747CD5-B19F-4BB3-AE1B-472B04FE4653}.Release|iPhoneSimulator.ActiveCfg = Release|Any CPU
		{F1747CD5-B19F-4BB3-AE1B-472B04FE4653}.Release|iPhoneSimulator.Build.0 = Release|Any CPU
		{F1747CD5-B19F-4BB3-AE1B-472B04FE4653}.Release|iPhoneSimulator.Deploy.0 = Release|Any CPU
		{F1747CD5-B19F-4BB3-AE1B-472B04FE4653}.Release|x64.ActiveCfg = Release|Any CPU
		{F1747CD5-B19F-4BB3-AE1B-472B04FE4653}.Release|x64.Build.0 = Release|Any CPU
		{F1747CD5-B19F-4BB3-AE1B-472B04FE4653}.Release|x64.Deploy.0 = Release|Any CPU
		{F1747CD5-B19F-4BB3-AE1B-472B04FE4653}.Release|x86.ActiveCfg = Release|Any CPU
		{F1747CD5-B19F-4BB3-AE1B-472B04FE4653}.Release|x86.Build.0 = Release|Any CPU
		{F1747CD5-B19F-4BB3-AE1B-472B04FE4653}.Release|x86.Deploy.0 = Release|Any CPU
	EndGlobalSection
	GlobalSection(SolutionProperties) = preSolution
		HideSolutionNode = FALSE
	EndGlobalSection
	GlobalSection(ExtensibilityGlobals) = postSolution
		SolutionGuid = {7D9097E6-3D65-4D81-A2F5-2F18C0D8A532}
	EndGlobalSection
EndGlobal
